// !$*UTF8*$!
{
	archiveVersion = 1;
	classes = {
	};
	objectVersion = 46;
	objects = {

/* Begin PBXBuildFile section */
		D019D8851EB4CE0600AE10EC /* AppDelegate.swift in Sources */ = {isa = PBXBuildFile; fileRef = D019D8841EB4CE0600AE10EC /* AppDelegate.swift */; };
		D019D8871EB4CE0600AE10EC /* ViewController.swift in Sources */ = {isa = PBXBuildFile; fileRef = D019D8861EB4CE0600AE10EC /* ViewController.swift */; };
		D019D88A1EB4CE0600AE10EC /* Main.storyboard in Resources */ = {isa = PBXBuildFile; fileRef = D019D8881EB4CE0600AE10EC /* Main.storyboard */; };
		D019D88D1EB4CE0600AE10EC /* UICollectionView3.xcdatamodeld in Sources */ = {isa = PBXBuildFile; fileRef = D019D88B1EB4CE0600AE10EC /* UICollectionView3.xcdatamodeld */; };
		D019D88F1EB4CE0600AE10EC /* Assets.xcassets in Resources */ = {isa = PBXBuildFile; fileRef = D019D88E1EB4CE0600AE10EC /* Assets.xcassets */; };
		D019D8921EB4CE0700AE10EC /* LaunchScreen.storyboard in Resources */ = {isa = PBXBuildFile; fileRef = D019D8901EB4CE0700AE10EC /* LaunchScreen.storyboard */; };
		D019D89D1EB4CE0700AE10EC /* UICollectionView3Tests.swift in Sources */ = {isa = PBXBuildFile; fileRef = D019D89C1EB4CE0700AE10EC /* UICollectionView3Tests.swift */; };
		D019D8A81EB4CE0700AE10EC /* UICollectionView3UITests.swift in Sources */ = {isa = PBXBuildFile; fileRef = D019D8A71EB4CE0700AE10EC /* UICollectionView3UITests.swift */; };
/* End PBXBuildFile section */

/* Begin PBXContainerItemProxy section */
		D019D8991EB4CE0700AE10EC /* PBXContainerItemProxy */ = {
			isa = PBXContainerItemProxy;
			containerPortal = D019D8791EB4CE0600AE10EC /* Project object */;
			proxyType = 1;
			remoteGlobalIDString = D019D8801EB4CE0600AE10EC;
			remoteInfo = UICollectionView3;
		};
		D019D8A41EB4CE0700AE10EC /* PBXContainerItemProxy */ = {
			isa = PBXContainerItemProxy;
			containerPortal = D019D8791EB4CE0600AE10EC /* Project object */;
			proxyType = 1;
			remoteGlobalIDString = D019D8801EB4CE0600AE10EC;
			remoteInfo = UICollectionView3;
		};
/* End PBXContainerItemProxy section */

/* Begin PBXFileReference section */
		D019D8811EB4CE0600AE10EC /* UICollectionView3.app */ = {isa = PBXFileReference; explicitFileType = wrapper.application; includeInIndex = 0; path = UICollectionView3.app; sourceTree = BUILT_PRODUCTS_DIR; };
		D019D8841EB4CE0600AE10EC /* AppDelegate.swift */ = {isa = PBXFileReference; lastKnownFileType = sourcecode.swift; path = AppDelegate.swift; sourceTree = "<group>"; };
		D019D8861EB4CE0600AE10EC /* ViewController.swift */ = {isa = PBXFileReference; lastKnownFileType = sourcecode.swift; path = ViewController.swift; sourceTree = "<group>"; };
		D019D8891EB4CE0600AE10EC /* Base */ = {isa = PBXFileReference; lastKnownFileType = file.storyboard; name = Base; path = Base.lproj/Main.storyboard; sourceTree = "<group>"; };
		D019D88C1EB4CE0600AE10EC /* UICollectionView3.xcdatamodel */ = {isa = PBXFileReference; lastKnownFileType = wrapper.xcdatamodel; path = UICollectionView3.xcdatamodel; sourceTree = "<group>"; };
		D019D88E1EB4CE0600AE10EC /* Assets.xcassets */ = {isa = PBXFileReference; lastKnownFileType = folder.assetcatalog; path = Assets.xcassets; sourceTree = "<group>"; };
		D019D8911EB4CE0700AE10EC /* Base */ = {isa = PBXFileReference; lastKnownFileType = file.storyboard; name = Base; path = Base.lproj/LaunchScreen.storyboard; sourceTree = "<group>"; };
		D019D8931EB4CE0700AE10EC /* Info.plist */ = {isa = PBXFileReference; lastKnownFileType = text.plist.xml; path = Info.plist; sourceTree = "<group>"; };
		D019D8981EB4CE0700AE10EC /* UICollectionView3Tests.xctest */ = {isa = PBXFileReference; explicitFileType = wrapper.cfbundle; includeInIndex = 0; path = UICollectionView3Tests.xctest; sourceTree = BUILT_PRODUCTS_DIR; };
		D019D89C1EB4CE0700AE10EC /* UICollectionView3Tests.swift */ = {isa = PBXFileReference; lastKnownFileType = sourcecode.swift; path = UICollectionView3Tests.swift; sourceTree = "<group>"; };
		D019D89E1EB4CE0700AE10EC /* Info.plist */ = {isa = PBXFileReference; lastKnownFileType = text.plist.xml; path = Info.plist; sourceTree = "<group>"; };
		D019D8A31EB4CE0700AE10EC /* UICollectionView3UITests.xctest */ = {isa = PBXFileReference; explicitFileType = wrapper.cfbundle; includeInIndex = 0; path = UICollectionView3UITests.xctest; sourceTree = BUILT_PRODUCTS_DIR; };
		D019D8A71EB4CE0700AE10EC /* UICollectionView3UITests.swift */ = {isa = PBXFileReference; lastKnownFileType = sourcecode.swift; path = UICollectionView3UITests.swift; sourceTree = "<group>"; };
		D019D8A91EB4CE0700AE10EC /* Info.plist */ = {isa = PBXFileReference; lastKnownFileType = text.plist.xml; path = Info.plist; sourceTree = "<group>"; };
/* End PBXFileReference section */

/* Begin PBXFrameworksBuildPhase section */
		D019D87E1EB4CE0600AE10EC /* Frameworks */ = {
			isa = PBXFrameworksBuildPhase;
			buildActionMask = 2147483647;
			files = (
			);
			runOnlyForDeploymentPostprocessing = 0;
		};
		D019D8951EB4CE0700AE10EC /* Frameworks */ = {
			isa = PBXFrameworksBuildPhase;
			buildActionMask = 2147483647;
			files = (
			);
			runOnlyForDeploymentPostprocessing = 0;
		};
		D019D8A01EB4CE0700AE10EC /* Frameworks */ = {
			isa = PBXFrameworksBuildPhase;
			buildActionMask = 2147483647;
			files = (
			);
			runOnlyForDeploymentPostprocessing = 0;
		};
/* End PBXFrameworksBuildPhase section */

/* Begin PBXGroup section */
		D019D8781EB4CE0600AE10EC = {
			isa = PBXGroup;
			children = (
				D019D8831EB4CE0600AE10EC /* UICollectionView3 */,
				D019D89B1EB4CE0700AE10EC /* UICollectionView3Tests */,
				D019D8A61EB4CE0700AE10EC /* UICollectionView3UITests */,
				D019D8821EB4CE0600AE10EC /* Products */,
			);
			sourceTree = "<group>";
		};
		D019D8821EB4CE0600AE10EC /* Products */ = {
			isa = PBXGroup;
			children = (
				D019D8811EB4CE0600AE10EC /* UICollectionView3.app */,
				D019D8981EB4CE0700AE10EC /* UICollectionView3Tests.xctest */,
				D019D8A31EB4CE0700AE10EC /* UICollectionView3UITests.xctest */,
			);
			name = Products;
			sourceTree = "<group>";
		};
		D019D8831EB4CE0600AE10EC /* UICollectionView3 */ = {
			isa = PBXGroup;
			children = (
				D019D8841EB4CE0600AE10EC /* AppDelegate.swift */,
				D019D8861EB4CE0600AE10EC /* ViewController.swift */,
				D019D8881EB4CE0600AE10EC /* Main.storyboard */,
				D019D88E1EB4CE0600AE10EC /* Assets.xcassets */,
				D019D8901EB4CE0700AE10EC /* LaunchScreen.storyboard */,
				D019D8931EB4CE0700AE10EC /* Info.plist */,
				D019D88B1EB4CE0600AE10EC /* UICollectionView3.xcdatamodeld */,
			);
			path = UICollectionView3;
			sourceTree = "<group>";
		};
		D019D89B1EB4CE0700AE10EC /* UICollectionView3Tests */ = {
			isa = PBXGroup;
			children = (
				D019D89C1EB4CE0700AE10EC /* UICollectionView3Tests.swift */,
				D019D89E1EB4CE0700AE10EC /* Info.plist */,
			);
			path = UICollectionView3Tests;
			sourceTree = "<group>";
		};
		D019D8A61EB4CE0700AE10EC /* UICollectionView3UITests */ = {
			isa = PBXGroup;
			children = (
				D019D8A71EB4CE0700AE10EC /* UICollectionView3UITests.swift */,
				D019D8A91EB4CE0700AE10EC /* Info.plist */,
			);
			path = UICollectionView3UITests;
			sourceTree = "<group>";
		};
/* End PBXGroup section */

/* Begin PBXNativeTarget section */
		D019D8801EB4CE0600AE10EC /* UICollectionView3 */ = {
			isa = PBXNativeTarget;
			buildConfigurationList = D019D8AC1EB4CE0700AE10EC /* Build configuration list for PBXNativeTarget "UICollectionView3" */;
			buildPhases = (
				D019D87D1EB4CE0600AE10EC /* Sources */,
				D019D87E1EB4CE0600AE10EC /* Frameworks */,
				D019D87F1EB4CE0600AE10EC /* Resources */,
			);
			buildRules = (
			);
			dependencies = (
			);
			name = UICollectionView3;
			productName = UICollectionView3;
			productReference = D019D8811EB4CE0600AE10EC /* UICollectionView3.app */;
			productType = "com.apple.product-type.application";
		};
		D019D8971EB4CE0700AE10EC /* UICollectionView3Tests */ = {
			isa = PBXNativeTarget;
			buildConfigurationList = D019D8AF1EB4CE0700AE10EC /* Build configuration list for PBXNativeTarget "UICollectionView3Tests" */;
			buildPhases = (
				D019D8941EB4CE0700AE10EC /* Sources */,
				D019D8951EB4CE0700AE10EC /* Frameworks */,
				D019D8961EB4CE0700AE10EC /* Resources */,
			);
			buildRules = (
			);
			dependencies = (
				D019D89A1EB4CE0700AE10EC /* PBXTargetDependency */,
			);
			name = UICollectionView3Tests;
			productName = UICollectionView3Tests;
			productReference = D019D8981EB4CE0700AE10EC /* UICollectionView3Tests.xctest */;
			productType = "com.apple.product-type.bundle.unit-test";
		};
		D019D8A21EB4CE0700AE10EC /* UICollectionView3UITests */ = {
			isa = PBXNativeTarget;
			buildConfigurationList = D019D8B21EB4CE0700AE10EC /* Build configuration list for PBXNativeTarget "UICollectionView3UITests" */;
			buildPhases = (
				D019D89F1EB4CE0700AE10EC /* Sources */,
				D019D8A01EB4CE0700AE10EC /* Frameworks */,
				D019D8A11EB4CE0700AE10EC /* Resources */,
			);
			buildRules = (
			);
			dependencies = (
				D019D8A51EB4CE0700AE10EC /* PBXTargetDependency */,
			);
			name = UICollectionView3UITests;
			productName = UICollectionView3UITests;
			productReference = D019D8A31EB4CE0700AE10EC /* UICollectionView3UITests.xctest */;
			productType = "com.apple.product-type.bundle.ui-testing";
		};
/* End PBXNativeTarget section */

/* Begin PBXProject section */
		D019D8791EB4CE0600AE10EC /* Project object */ = {
			isa = PBXProject;
			attributes = {
				LastSwiftUpdateCheck = 0830;
				LastUpgradeCheck = 0830;
				ORGANIZATIONNAME = "Dinh Duy Hiep";
				TargetAttributes = {
					D019D8801EB4CE0600AE10EC = {
						CreatedOnToolsVersion = 8.3.1;
						ProvisioningStyle = Automatic;
					};
					D019D8971EB4CE0700AE10EC = {
						CreatedOnToolsVersion = 8.3.1;
						ProvisioningStyle = Automatic;
						TestTargetID = D019D8801EB4CE0600AE10EC;
					};
					D019D8A21EB4CE0700AE10EC = {
						CreatedOnToolsVersion = 8.3.1;
						ProvisioningStyle = Automatic;
						TestTargetID = D019D8801EB4CE0600AE10EC;
					};
				};
			};
			buildConfigurationList = D019D87C1EB4CE0600AE10EC /* Build configuration list for PBXProject "UICollectionView3" */;
			compatibilityVersion = "Xcode 3.2";
			developmentRegion = English;
			hasScannedForEncodings = 0;
			knownRegions = (
				en,
				Base,
			);
			mainGroup = D019D8781EB4CE0600AE10EC;
			productRefGroup = D019D8821EB4CE0600AE10EC /* Products */;
			projectDirPath = "";
			projectRoot = "";
			targets = (
				D019D8801EB4CE0600AE10EC /* UICollectionView3 */,
				D019D8971EB4CE0700AE10EC /* UICollectionView3Tests */,
				D019D8A21EB4CE0700AE10EC /* UICollectionView3UITests */,
			);
		};
/* End PBXProject section */

/* Begin PBXResourcesBuildPhase section */
		D019D87F1EB4CE0600AE10EC /* Resources */ = {
			isa = PBXResourcesBuildPhase;
			buildActionMask = 2147483647;
			files = (
				D019D8921EB4CE0700AE10EC /* LaunchScreen.storyboard in Resources */,
				D019D88F1EB4CE0600AE10EC /* Assets.xcassets in Resources */,
				D019D88A1EB4CE0600AE10EC /* Main.storyboard in Resources */,
			);
			runOnlyForDeploymentPostprocessing = 0;
		};
		D019D8961EB4CE0700AE10EC /* Resources */ = {
			isa = PBXResourcesBuildPhase;
			buildActionMask = 2147483647;
			files = (
			);
			runOnlyForDeploymentPostprocessing = 0;
		};
		D019D8A11EB4CE0700AE10EC /* Resources */ = {
			isa = PBXResourcesBuildPhase;
			buildActionMask = 2147483647;
			files = (
			);
			runOnlyForDeploymentPostprocessing = 0;
		};
/* End PBXResourcesBuildPhase section */

/* Begin PBXSourcesBuildPhase section */
		D019D87D1EB4CE0600AE10EC /* Sources */ = {
			isa = PBXSourcesBuildPhase;
			buildActionMask = 2147483647;
			files = (
				D019D88D1EB4CE0600AE10EC /* UICollectionView3.xcdatamodeld in Sources */,
				D019D8871EB4CE0600AE10EC /* ViewController.swift in Sources */,
				D019D8851EB4CE0600AE10EC /* AppDelegate.swift in Sources */,
			);
			runOnlyForDeploymentPostprocessing = 0;
		};
		D019D8941EB4CE0700AE10EC /* Sources */ = {
			isa = PBXSourcesBuildPhase;
			buildActionMask = 2147483647;
			files = (
				D019D89D1EB4CE0700AE10EC /* UICollectionView3Tests.swift in Sources */,
			);
			runOnlyForDeploymentPostprocessing = 0;
		};
		D019D89F1EB4CE0700AE10EC /* Sources */ = {
			isa = PBXSourcesBuildPhase;
			buildActionMask = 2147483647;
			files = (
				D019D8A81EB4CE0700AE10EC /* UICollectionView3UITests.swift in Sources */,
			);
			runOnlyForDeploymentPostprocessing = 0;
		};
/* End PBXSourcesBuildPhase section */

/* Begin PBXTargetDependency section */
		D019D89A1EB4CE0700AE10EC /* PBXTargetDependency */ = {
			isa = PBXTargetDependency;
			target = D019D8801EB4CE0600AE10EC /* UICollectionView3 */;
			targetProxy = D019D8991EB4CE0700AE10EC /* PBXContainerItemProxy */;
		};
		D019D8A51EB4CE0700AE10EC /* PBXTargetDependency */ = {
			isa = PBXTargetDependency;
			target = D019D8801EB4CE0600AE10EC /* UICollectionView3 */;
			targetProxy = D019D8A41EB4CE0700AE10EC /* PBXContainerItemProxy */;
		};
/* End PBXTargetDependency section */

/* Begin PBXVariantGroup section */
		D019D8881EB4CE0600AE10EC /* Main.storyboard */ = {
			isa = PBXVariantGroup;
			children = (
				D019D8891EB4CE0600AE10EC /* Base */,
			);
			name = Main.storyboard;
			sourceTree = "<group>";
		};
		D019D8901EB4CE0700AE10EC /* LaunchScreen.storyboard */ = {
			isa = PBXVariantGroup;
			children = (
				D019D8911EB4CE0700AE10EC /* Base */,
			);
			name = LaunchScreen.storyboard;
			sourceTree = "<group>";
		};
/* End PBXVariantGroup section */

/* Begin XCBuildConfiguration section */
		D019D8AA1EB4CE0700AE10EC /* Debug */ = {
			isa = XCBuildConfiguration;
			buildSettings = {
				ALWAYS_SEARCH_USER_PATHS = NO;
				CLANG_ANALYZER_NONNULL = YES;
				CLANG_ANALYZER_NUMBER_OBJECT_CONVERSION = YES_AGGRESSIVE;
				CLANG_CXX_LANGUAGE_STANDARD = "gnu++0x";
				CLANG_CXX_LIBRARY = "libc++";
				CLANG_ENABLE_MODULES = YES;
				CLANG_ENABLE_OBJC_ARC = YES;
				CLANG_WARN_BOOL_CONVERSION = YES;
				CLANG_WARN_CONSTANT_CONVERSION = YES;
				CLANG_WARN_DIRECT_OBJC_ISA_USAGE = YES_ERROR;
				CLANG_WARN_DOCUMENTATION_COMMENTS = YES;
				CLANG_WARN_EMPTY_BODY = YES;
				CLANG_WARN_ENUM_CONVERSION = YES;
				CLANG_WARN_INFINITE_RECURSION = YES;
				CLANG_WARN_INT_CONVERSION = YES;
				CLANG_WARN_OBJC_ROOT_CLASS = YES_ERROR;
				CLANG_WARN_SUSPICIOUS_MOVE = YES;
				CLANG_WARN_UNREACHABLE_CODE = YES;
				CLANG_WARN__DUPLICATE_METHOD_MATCH = YES;
				"CODE_SIGN_IDENTITY[sdk=iphoneos*]" = "iPhone Developer";
				COPY_PHASE_STRIP = NO;
				DEBUG_INFORMATION_FORMAT = dwarf;
				ENABLE_STRICT_OBJC_MSGSEND = YES;
				ENABLE_TESTABILITY = YES;
				GCC_C_LANGUAGE_STANDARD = gnu99;
				GCC_DYNAMIC_NO_PIC = NO;
				GCC_NO_COMMON_BLOCKS = YES;
				GCC_OPTIMIZATION_LEVEL = 0;
				GCC_PREPROCESSOR_DEFINITIONS = (
					"DEBUG=1",
					"$(inherited)",
				);
				GCC_WARN_64_TO_32_BIT_CONVERSION = YES;
				GCC_WARN_ABOUT_RETURN_TYPE = YES_ERROR;
				GCC_WARN_UNDECLARED_SELECTOR = YES;
				GCC_WARN_UNINITIALIZED_AUTOS = YES_AGGRESSIVE;
				GCC_WARN_UNUSED_FUNCTION = YES;
				GCC_WARN_UNUSED_VARIABLE = YES;
				IPHONEOS_DEPLOYMENT_TARGET = 10.3;
				MTL_ENABLE_DEBUG_INFO = YES;
				ONLY_ACTIVE_ARCH = YES;
				SDKROOT = iphoneos;
				SWIFT_ACTIVE_COMPILATION_CONDITIONS = DEBUG;
				SWIFT_OPTIMIZATION_LEVEL = "-Onone";
				TARGETED_DEVICE_FAMILY = "1,2";
			};
			name = Debug;
		};
		D019D8AB1EB4CE0700AE10EC /* Release */ = {
			isa = XCBuildConfiguration;
			buildSettings = {
				ALWAYS_SEARCH_USER_PATHS = NO;
				CLANG_ANALYZER_NONNULL = YES;
				CLANG_ANALYZER_NUMBER_OBJECT_CONVERSION = YES_AGGRESSIVE;
				CLANG_CXX_LANGUAGE_STANDARD = "gnu++0x";
				CLANG_CXX_LIBRARY = "libc++";
				CLANG_ENABLE_MODULES = YES;
				CLANG_ENABLE_OBJC_ARC = YES;
				CLANG_WARN_BOOL_CONVERSION = YES;
				CLANG_WARN_CONSTANT_CONVERSION = YES;
				CLANG_WARN_DIRECT_OBJC_ISA_USAGE = YES_ERROR;
				CLANG_WARN_DOCUMENTATION_COMMENTS = YES;
				CLANG_WARN_EMPTY_BODY = YES;
				CLANG_WARN_ENUM_CONVERSION = YES;
				CLANG_WARN_INFINITE_RECURSION = YES;
				CLANG_WARN_INT_CONVERSION = YES;
				CLANG_WARN_OBJC_ROOT_CLASS = YES_ERROR;
				CLANG_WARN_SUSPICIOUS_MOVE = YES;
				CLANG_WARN_UNREACHABLE_CODE = YES;
				CLANG_WARN__DUPLICATE_METHOD_MATCH = YES;
				"CODE_SIGN_IDENTITY[sdk=iphoneos*]" = "iPhone Developer";
				COPY_PHASE_STRIP = NO;
				DEBUG_INFORMATION_FORMAT = "dwarf-with-dsym";
				ENABLE_NS_ASSERTIONS = NO;
				ENABLE_STRICT_OBJC_MSGSEND = YES;
				GCC_C_LANGUAGE_STANDARD = gnu99;
				GCC_NO_COMMON_BLOCKS = YES;
				GCC_WARN_64_TO_32_BIT_CONVERSION = YES;
				GCC_WARN_ABOUT_RETURN_TYPE = YES_ERROR;
				GCC_WARN_UNDECLARED_SELECTOR = YES;
				GCC_WARN_UNINITIALIZED_AUTOS = YES_AGGRESSIVE;
				GCC_WARN_UNUSED_FUNCTION = YES;
				GCC_WARN_UNUSED_VARIABLE = YES;
				IPHONEOS_DEPLOYMENT_TARGET = 10.3;
				MTL_ENABLE_DEBUG_INFO = NO;
				SDKROOT = iphoneos;
				SWIFT_OPTIMIZATION_LEVEL = "-Owholemodule";
				TARGETED_DEVICE_FAMILY = "1,2";
				VALIDATE_PRODUCT = YES;
			};
			name = Release;
		};
		D019D8AD1EB4CE0700AE10EC /* Debug */ = {
			isa = XCBuildConfiguration;
			buildSettings = {
				ASSETCATALOG_COMPILER_APPICON_NAME = AppIcon;
				INFOPLIST_FILE = UICollectionView3/Info.plist;
				LD_RUNPATH_SEARCH_PATHS = "$(inherited) @executable_path/Frameworks";
				PRODUCT_BUNDLE_IDENTIFIER = "Dinh-Duy-Hiep.UICollectionView3";
				PRODUCT_NAME = "$(TARGET_NAME)";
				SWIFT_VERSION = 3.0;
			};
			name = Debug;
		};
		D019D8AE1EB4CE0700AE10EC /* Release */ = {
			isa = XCBuildConfiguration;
			buildSettings = {
				ASSETCATALOG_COMPILER_APPICON_NAME = AppIcon;
				INFOPLIST_FILE = UICollectionView3/Info.plist;
				LD_RUNPATH_SEARCH_PATHS = "$(inherited) @executable_path/Frameworks";
				PRODUCT_BUNDLE_IDENTIFIER = "Dinh-Duy-Hiep.UICollectionView3";
				PRODUCT_NAME = "$(TARGET_NAME)";
				SWIFT_VERSION = 3.0;
			};
			name = Release;
		};
		D019D8B01EB4CE0700AE10EC /* Debug */ = {
			isa = XCBuildConfiguration;
			buildSettings = {
				ALWAYS_EMBED_SWIFT_STANDARD_LIBRARIES = YES;
				BUNDLE_LOADER = "$(TEST_HOST)";
				INFOPLIST_FILE = UICollectionView3Tests/Info.plist;
				LD_RUNPATH_SEARCH_PATHS = "$(inherited) @executable_path/Frameworks @loader_path/Frameworks";
				PRODUCT_BUNDLE_IDENTIFIER = "Dinh-Duy-Hiep.UICollectionView3Tests";
				PRODUCT_NAME = "$(TARGET_NAME)";
				SWIFT_VERSION = 3.0;
				TEST_HOST = "$(BUILT_PRODUCTS_DIR)/UICollectionView3.app/UICollectionView3";
			};
			name = Debug;
		};
		D019D8B11EB4CE0700AE10EC /* Release */ = {
			isa = XCBuildConfiguration;
			buildSettings = {
				ALWAYS_EMBED_SWIFT_STANDARD_LIBRARIES = YES;
				BUNDLE_LOADER = "$(TEST_HOST)";
				INFOPLIST_FILE = UICollectionView3Tests/Info.plist;
				LD_RUNPATH_SEARCH_PATHS = "$(inherited) @executable_path/Frameworks @loader_path/Frameworks";
				PRODUCT_BUNDLE_IDENTIFIER = "Dinh-Duy-Hiep.UICollectionView3Tests";
				PRODUCT_NAME = "$(TARGET_NAME)";
				SWIFT_VERSION = 3.0;
				TEST_HOST = "$(BUILT_PRODUCTS_DIR)/UICollectionView3.app/UICollectionView3";
			};
			name = Release;
		};
		D019D8B31EB4CE0700AE10EC /* Debug */ = {
			isa = XCBuildConfiguration;
			buildSettings = {
				ALWAYS_EMBED_SWIFT_STANDARD_LIBRARIES = YES;
				INFOPLIST_FILE = UICollectionView3UITests/Info.plist;
				LD_RUNPATH_SEARCH_PATHS = "$(inherited) @executable_path/Frameworks @loader_path/Frameworks";
				PRODUCT_BUNDLE_IDENTIFIER = "Dinh-Duy-Hiep.UICollectionView3UITests";
				PRODUCT_NAME = "$(TARGET_NAME)";
				SWIFT_VERSION = 3.0;
				TEST_TARGET_NAME = UICollectionView3;
			};
			name = Debug;
		};
		D019D8B41EB4CE0700AE10EC /* Release */ = {
			isa = XCBuildConfiguration;
			buildSettings = {
				ALWAYS_EMBED_SWIFT_STANDARD_LIBRARIES = YES;
				INFOPLIST_FILE = UICollectionView3UITests/Info.plist;
				LD_RUNPATH_SEARCH_PATHS = "$(inherited) @executable_path/Frameworks @loader_path/Frameworks";
				PRODUCT_BUNDLE_IDENTIFIER = "Dinh-Duy-Hiep.UICollectionView3UITests";
				PRODUCT_NAME = "$(TARGET_NAME)";
				SWIFT_VERSION = 3.0;
				TEST_TARGET_NAME = UICollectionView3;
			};
			name = Release;
		};
/* End XCBuildConfiguration section */

/* Begin XCConfigurationList section */
		D019D87C1EB4CE0600AE10EC /* Build configuration list for PBXProject "UICollectionView3" */ = {
			isa = XCConfigurationList;
			buildConfigurations = (
				D019D8AA1EB4CE0700AE10EC /* Debug */,
				D019D8AB1EB4CE0700AE10EC /* Release */,
			);
			defaultConfigurationIsVisible = 0;
			defaultConfigurationName = Release;
		};
		D019D8AC1EB4CE0700AE10EC /* Build configuration list for PBXNativeTarget "UICollectionView3" */ = {
			isa = XCConfigurationList;
			buildConfigurations = (
				D019D8AD1EB4CE0700AE10EC /* Debug */,
				D019D8AE1EB4CE0700AE10EC /* Release */,
			);
			defaultConfigurationIsVisible = 0;
		};
		D019D8AF1EB4CE0700AE10EC /* Build configuration list for PBXNativeTarget "UICollectionView3Tests" */ = {
			isa = XCConfigurationList;
			buildConfigurations = (
				D019D8B01EB4CE0700AE10EC /* Debug */,
				D019D8B11EB4CE0700AE10EC /* Release */,
			);
			defaultConfigurationIsVisible = 0;
		};
		D019D8B21EB4CE0700AE10EC /* Build configuration list for PBXNativeTarget "UICollectionView3UITests" */ = {
			isa = XCConfigurationList;
			buildConfigurations = (
				D019D8B31EB4CE0700AE10EC /* Debug */,
				D019D8B41EB4CE0700AE10EC /* Release */,
			);
			defaultConfigurationIsVisible = 0;
		};
/* End XCConfigurationList section */

/* Begin XCVersionGroup section */
		D019D88B1EB4CE0600AE10EC /* UICollectionView3.xcdatamodeld */ = {
			isa = XCVersionGroup;
			children = (
				D019D88C1EB4CE0600AE10EC /* UICollectionView3.xcdatamodel */,
			);
			currentVersion = D019D88C1EB4CE0600AE10EC /* UICollectionView3.xcdatamodel */;
			path = UICollectionView3.xcdatamodeld;
			sourceTree = "<group>";
			versionGroupType = wrapper.xcdatamodel;
		};
/* End XCVersionGroup section */
	};
	rootObject = D019D8791EB4CE0600AE10EC /* Project object */;
}
